
Microsoft Visual Studio Solution File, Format Version 12.00
# Visual Studio 15
VisualStudioVersion = 15.0.27703.2047
MinimumVisualStudioVersion = 10.0.40219.1
Project("{FAE04EC0-301F-11D3-BF4B-00C04F79EFBC}") = "Course", "Course\Course.csproj", "{605D7315-FE3B-4407-B518-0242A8AA5D7E}"
EndProject
Global
	GlobalSection(SolutionConfigurationPlatforms) = preSolution
		Debug|Any CPU = Debug|Any CPU
		Release|Any CPU = Release|Any CPU
	EndGlobalSection
	GlobalSection(ProjectConfigurationPlatforms) = postSolution
		{605D7315-FE3B-4407-B518-0242A8AA5D7E}.Debug|Any CPU.ActiveCfg = Debug|Any CPU
		{605D7315-FE3B-4407-B518-0242A8AA5D7E}.Debug|Any CPU.Build.0 = Debug|Any CPU
		{605D7315-FE3B-4407-B518-0242A8AA5D7E}.Release|Any CPU.ActiveCfg = Release|Any CPU
		{605D7315-FE3B-4407-B518-0242A8AA5D7E}.Release|Any CPU.Build.0 = Release|Any CPU
	EndGlobalSection
	GlobalSection(SolutionProperties) = preSolution
		HideSolutionNode = FALSE
	EndGlobalSection
	GlobalSection(ExtensibilityGlobals) = postSolution
		SolutionGuid = {5BD66057-611E-4549-BAF8-5E7CDA9DAA18}
	EndGlobalSection
EndGlobal
